{
  "lockfileVersion": 1,
  "workspaces": {
    "": {
      "name": "prieul-homepage",
      "devDependencies": {
        "@types/bun": "^1.2.2",
        "vite": "6.0.5",
        "vite-plugin-markdown": "2.2.0",
      },
    },
  },
  "packages": {
    "@esbuild/aix-ppc64": ["@esbuild/aix-ppc64@0.24.0", "", { "os": "aix", "cpu": "ppc64" }, "sha512-WtKdFM7ls47zkKHFVzMz8opM7LkcsIp9amDUBIAWirg70RM71WRSjdILPsY5Uv1D42ZpUfaPILDlfactHgsRkw=="],

    "@esbuild/android-arm": ["@esbuild/android-arm@0.24.0", "", { "os": "android", "cpu": "arm" }, "sha512-arAtTPo76fJ/ICkXWetLCc9EwEHKaeya4vMrReVlEIUCAUncH7M4bhMQ+M9Vf+FFOZJdTNMXNBrWwW+OXWpSew=="],

    "@esbuild/android-arm64": ["@esbuild/android-arm64@0.24.0", "", { "os": "android", "cpu": "arm64" }, "sha512-Vsm497xFM7tTIPYK9bNTYJyF/lsP590Qc1WxJdlB6ljCbdZKU9SY8i7+Iin4kyhV/KV5J2rOKsBQbB77Ab7L/w=="],

    "@esbuild/android-x64": ["@esbuild/android-x64@0.24.0", "", { "os": "android", "cpu": "x64" }, "sha512-t8GrvnFkiIY7pa7mMgJd7p8p8qqYIz1NYiAoKc75Zyv73L3DZW++oYMSHPRarcotTKuSs6m3hTOa5CKHaS02TQ=="],

    "@esbuild/darwin-arm64": ["@esbuild/darwin-arm64@0.24.0", "", { "os": "darwin", "cpu": "arm64" }, "sha512-CKyDpRbK1hXwv79soeTJNHb5EiG6ct3efd/FTPdzOWdbZZfGhpbcqIpiD0+vwmpu0wTIL97ZRPZu8vUt46nBSw=="],

    "@esbuild/darwin-x64": ["@esbuild/darwin-x64@0.24.0", "", { "os": "darwin", "cpu": "x64" }, "sha512-rgtz6flkVkh58od4PwTRqxbKH9cOjaXCMZgWD905JOzjFKW+7EiUObfd/Kav+A6Gyud6WZk9w+xu6QLytdi2OA=="],

    "@esbuild/freebsd-arm64": ["@esbuild/freebsd-arm64@0.24.0", "", { "os": "freebsd", "cpu": "arm64" }, "sha512-6Mtdq5nHggwfDNLAHkPlyLBpE5L6hwsuXZX8XNmHno9JuL2+bg2BX5tRkwjyfn6sKbxZTq68suOjgWqCicvPXA=="],

    "@esbuild/freebsd-x64": ["@esbuild/freebsd-x64@0.24.0", "", { "os": "freebsd", "cpu": "x64" }, "sha512-D3H+xh3/zphoX8ck4S2RxKR6gHlHDXXzOf6f/9dbFt/NRBDIE33+cVa49Kil4WUjxMGW0ZIYBYtaGCa2+OsQwQ=="],

    "@esbuild/linux-arm": ["@esbuild/linux-arm@0.24.0", "", { "os": "linux", "cpu": "arm" }, "sha512-gJKIi2IjRo5G6Glxb8d3DzYXlxdEj2NlkixPsqePSZMhLudqPhtZ4BUrpIuTjJYXxvF9njql+vRjB2oaC9XpBw=="],

    "@esbuild/linux-arm64": ["@esbuild/linux-arm64@0.24.0", "", { "os": "linux", "cpu": "arm64" }, "sha512-TDijPXTOeE3eaMkRYpcy3LarIg13dS9wWHRdwYRnzlwlA370rNdZqbcp0WTyyV/k2zSxfko52+C7jU5F9Tfj1g=="],

    "@esbuild/linux-ia32": ["@esbuild/linux-ia32@0.24.0", "", { "os": "linux", "cpu": "ia32" }, "sha512-K40ip1LAcA0byL05TbCQ4yJ4swvnbzHscRmUilrmP9Am7//0UjPreh4lpYzvThT2Quw66MhjG//20mrufm40mA=="],

    "@esbuild/linux-loong64": ["@esbuild/linux-loong64@0.24.0", "", { "os": "linux", "cpu": "none" }, "sha512-0mswrYP/9ai+CU0BzBfPMZ8RVm3RGAN/lmOMgW4aFUSOQBjA31UP8Mr6DDhWSuMwj7jaWOT0p0WoZ6jeHhrD7g=="],

    "@esbuild/linux-mips64el": ["@esbuild/linux-mips64el@0.24.0", "", { "os": "linux", "cpu": "none" }, "sha512-hIKvXm0/3w/5+RDtCJeXqMZGkI2s4oMUGj3/jM0QzhgIASWrGO5/RlzAzm5nNh/awHE0A19h/CvHQe6FaBNrRA=="],

    "@esbuild/linux-ppc64": ["@esbuild/linux-ppc64@0.24.0", "", { "os": "linux", "cpu": "ppc64" }, "sha512-HcZh5BNq0aC52UoocJxaKORfFODWXZxtBaaZNuN3PUX3MoDsChsZqopzi5UupRhPHSEHotoiptqikjN/B77mYQ=="],

    "@esbuild/linux-riscv64": ["@esbuild/linux-riscv64@0.24.0", "", { "os": "linux", "cpu": "none" }, "sha512-bEh7dMn/h3QxeR2KTy1DUszQjUrIHPZKyO6aN1X4BCnhfYhuQqedHaa5MxSQA/06j3GpiIlFGSsy1c7Gf9padw=="],

    "@esbuild/linux-s390x": ["@esbuild/linux-s390x@0.24.0", "", { "os": "linux", "cpu": "s390x" }, "sha512-ZcQ6+qRkw1UcZGPyrCiHHkmBaj9SiCD8Oqd556HldP+QlpUIe2Wgn3ehQGVoPOvZvtHm8HPx+bH20c9pvbkX3g=="],

    "@esbuild/linux-x64": ["@esbuild/linux-x64@0.24.0", "", { "os": "linux", "cpu": "x64" }, "sha512-vbutsFqQ+foy3wSSbmjBXXIJ6PL3scghJoM8zCL142cGaZKAdCZHyf+Bpu/MmX9zT9Q0zFBVKb36Ma5Fzfa8xA=="],

    "@esbuild/netbsd-x64": ["@esbuild/netbsd-x64@0.24.0", "", { "os": "none", "cpu": "x64" }, "sha512-hjQ0R/ulkO8fCYFsG0FZoH+pWgTTDreqpqY7UnQntnaKv95uP5iW3+dChxnx7C3trQQU40S+OgWhUVwCjVFLvg=="],

    "@esbuild/openbsd-arm64": ["@esbuild/openbsd-arm64@0.24.0", "", { "os": "openbsd", "cpu": "arm64" }, "sha512-MD9uzzkPQbYehwcN583yx3Tu5M8EIoTD+tUgKF982WYL9Pf5rKy9ltgD0eUgs8pvKnmizxjXZyLt0z6DC3rRXg=="],

    "@esbuild/openbsd-x64": ["@esbuild/openbsd-x64@0.24.0", "", { "os": "openbsd", "cpu": "x64" }, "sha512-4ir0aY1NGUhIC1hdoCzr1+5b43mw99uNwVzhIq1OY3QcEwPDO3B7WNXBzaKY5Nsf1+N11i1eOfFcq+D/gOS15Q=="],

    "@esbuild/sunos-x64": ["@esbuild/sunos-x64@0.24.0", "", { "os": "sunos", "cpu": "x64" }, "sha512-jVzdzsbM5xrotH+W5f1s+JtUy1UWgjU0Cf4wMvffTB8m6wP5/kx0KiaLHlbJO+dMgtxKV8RQ/JvtlFcdZ1zCPA=="],

    "@esbuild/win32-arm64": ["@esbuild/win32-arm64@0.24.0", "", { "os": "win32", "cpu": "arm64" }, "sha512-iKc8GAslzRpBytO2/aN3d2yb2z8XTVfNV0PjGlCxKo5SgWmNXx82I/Q3aG1tFfS+A2igVCY97TJ8tnYwpUWLCA=="],

    "@esbuild/win32-ia32": ["@esbuild/win32-ia32@0.24.0", "", { "os": "win32", "cpu": "ia32" }, "sha512-vQW36KZolfIudCcTnaTpmLQ24Ha1RjygBo39/aLkM2kmjkWmZGEJ5Gn9l5/7tzXA42QGIoWbICfg6KLLkIw6yw=="],

    "@esbuild/win32-x64": ["@esbuild/win32-x64@0.24.0", "", { "os": "win32", "cpu": "x64" }, "sha512-7IAFPrjSQIJrGsK6flwg7NFmwBoSTyF3rl7If0hNUFQU4ilTsEPL6GuMuU9BfIWVVGuRnuIidkSMC+c0Otu8IA=="],

    "@rollup/rollup-android-arm-eabi": ["@rollup/rollup-android-arm-eabi@4.32.1", "", { "os": "android", "cpu": "arm" }, "sha512-/pqA4DmqyCm8u5YIDzIdlLcEmuvxb0v8fZdFhVMszSpDTgbQKdw3/mB3eMUHIbubtJ6F9j+LtmyCnHTEqIHyzA=="],

    "@rollup/rollup-android-arm64": ["@rollup/rollup-android-arm64@4.32.1", "", { "os": "android", "cpu": "arm64" }, "sha512-If3PDskT77q7zgqVqYuj7WG3WC08G1kwXGVFi9Jr8nY6eHucREHkfpX79c0ACAjLj3QIWKPJR7w4i+f5EdLH5Q=="],

    "@rollup/rollup-darwin-arm64": ["@rollup/rollup-darwin-arm64@4.32.1", "", { "os": "darwin", "cpu": "arm64" }, "sha512-zCpKHioQ9KgZToFp5Wvz6zaWbMzYQ2LJHQ+QixDKq52KKrF65ueu6Af4hLlLWHjX1Wf/0G5kSJM9PySW9IrvHA=="],

    "@rollup/rollup-darwin-x64": ["@rollup/rollup-darwin-x64@4.32.1", "", { "os": "darwin", "cpu": "x64" }, "sha512-sFvF+t2+TyUo/ZQqUcifrJIgznx58oFZbdHS9TvHq3xhPVL9nOp+yZ6LKrO9GWTP+6DbFtoyLDbjTpR62Mbr3Q=="],

    "@rollup/rollup-freebsd-arm64": ["@rollup/rollup-freebsd-arm64@4.32.1", "", { "os": "freebsd", "cpu": "arm64" }, "sha512-NbOa+7InvMWRcY9RG+B6kKIMD/FsnQPH0MWUvDlQB1iXnF/UcKSudCXZtv4lW+C276g3w5AxPbfry5rSYvyeYA=="],

    "@rollup/rollup-freebsd-x64": ["@rollup/rollup-freebsd-x64@4.32.1", "", { "os": "freebsd", "cpu": "x64" }, "sha512-JRBRmwvHPXR881j2xjry8HZ86wIPK2CcDw0EXchE1UgU0ubWp9nvlT7cZYKc6bkypBt745b4bglf3+xJ7hXWWw=="],

    "@rollup/rollup-linux-arm-gnueabihf": ["@rollup/rollup-linux-arm-gnueabihf@4.32.1", "", { "os": "linux", "cpu": "arm" }, "sha512-PKvszb+9o/vVdUzCCjL0sKHukEQV39tD3fepXxYrHE3sTKrRdCydI7uldRLbjLmDA3TFDmh418XH19NOsDRH8g=="],

    "@rollup/rollup-linux-arm-musleabihf": ["@rollup/rollup-linux-arm-musleabihf@4.32.1", "", { "os": "linux", "cpu": "arm" }, "sha512-9WHEMV6Y89eL606ReYowXuGF1Yb2vwfKWKdD1A5h+OYnPZSJvxbEjxTRKPgi7tkP2DSnW0YLab1ooy+i/FQp/Q=="],

    "@rollup/rollup-linux-arm64-gnu": ["@rollup/rollup-linux-arm64-gnu@4.32.1", "", { "os": "linux", "cpu": "arm64" }, "sha512-tZWc9iEt5fGJ1CL2LRPw8OttkCBDs+D8D3oEM8mH8S1ICZCtFJhD7DZ3XMGM8kpqHvhGUTvNUYVDnmkj4BDXnw=="],

    "@rollup/rollup-linux-arm64-musl": ["@rollup/rollup-linux-arm64-musl@4.32.1", "", { "os": "linux", "cpu": "arm64" }, "sha512-FTYc2YoTWUsBz5GTTgGkRYYJ5NGJIi/rCY4oK/I8aKowx1ToXeoVVbIE4LGAjsauvlhjfl0MYacxClLld1VrOw=="],

    "@rollup/rollup-linux-loongarch64-gnu": ["@rollup/rollup-linux-loongarch64-gnu@4.32.1", "", { "os": "linux", "cpu": "none" }, "sha512-F51qLdOtpS6P1zJVRzYM0v6MrBNypyPEN1GfMiz0gPu9jN8ScGaEFIZQwteSsGKg799oR5EaP7+B2jHgL+d+Kw=="],

    "@rollup/rollup-linux-powerpc64le-gnu": ["@rollup/rollup-linux-powerpc64le-gnu@4.32.1", "", { "os": "linux", "cpu": "ppc64" }, "sha512-wO0WkfSppfX4YFm5KhdCCpnpGbtgQNj/tgvYzrVYFKDpven8w2N6Gg5nB6w+wAMO3AIfSTWeTjfVe+uZ23zAlg=="],

    "@rollup/rollup-linux-riscv64-gnu": ["@rollup/rollup-linux-riscv64-gnu@4.32.1", "", { "os": "linux", "cpu": "none" }, "sha512-iWswS9cIXfJO1MFYtI/4jjlrGb/V58oMu4dYJIKnR5UIwbkzR0PJ09O0PDZT0oJ3LYWXBSWahNf/Mjo6i1E5/g=="],

    "@rollup/rollup-linux-s390x-gnu": ["@rollup/rollup-linux-s390x-gnu@4.32.1", "", { "os": "linux", "cpu": "s390x" }, "sha512-RKt8NI9tebzmEthMnfVgG3i/XeECkMPS+ibVZjZ6mNekpbbUmkNWuIN2yHsb/mBPyZke4nlI4YqIdFPgKuoyQQ=="],

    "@rollup/rollup-linux-x64-gnu": ["@rollup/rollup-linux-x64-gnu@4.32.1", "", { "os": "linux", "cpu": "x64" }, "sha512-WQFLZ9c42ECqEjwg/GHHsouij3pzLXkFdz0UxHa/0OM12LzvX7DzedlY0SIEly2v18YZLRhCRoHZDxbBSWoGYg=="],

    "@rollup/rollup-linux-x64-musl": ["@rollup/rollup-linux-x64-musl@4.32.1", "", { "os": "linux", "cpu": "x64" }, "sha512-BLoiyHDOWoS3uccNSADMza6V6vCNiphi94tQlVIL5de+r6r/CCQuNnerf+1g2mnk2b6edp5dk0nhdZ7aEjOBsA=="],

    "@rollup/rollup-win32-arm64-msvc": ["@rollup/rollup-win32-arm64-msvc@4.32.1", "", { "os": "win32", "cpu": "arm64" }, "sha512-w2l3UnlgYTNNU+Z6wOR8YdaioqfEnwPjIsJ66KxKAf0p+AuL2FHeTX6qvM+p/Ue3XPBVNyVSfCrfZiQh7vZHLQ=="],

    "@rollup/rollup-win32-ia32-msvc": ["@rollup/rollup-win32-ia32-msvc@4.32.1", "", { "os": "win32", "cpu": "ia32" }, "sha512-Am9H+TGLomPGkBnaPWie4F3x+yQ2rr4Bk2jpwy+iV+Gel9jLAu/KqT8k3X4jxFPW6Zf8OMnehyutsd+eHoq1WQ=="],

    "@rollup/rollup-win32-x64-msvc": ["@rollup/rollup-win32-x64-msvc@4.32.1", "", { "os": "win32", "cpu": "x64" }, "sha512-ar80GhdZb4DgmW3myIS9nRFYcpJRSME8iqWgzH2i44u+IdrzmiXVxeFnExQ5v4JYUSpg94bWjevMG8JHf1Da5Q=="],

    "@types/bun": ["@types/bun@1.2.2", "", { "dependencies": { "bun-types": "1.2.2" } }, "sha512-tr74gdku+AEDN5ergNiBnplr7hpDp3V1h7fqI2GcR/rsUaM39jpSeKH0TFibRvU0KwniRx5POgaYnaXbk0hU+w=="],

    "@types/estree": ["@types/estree@1.0.6", "", {}, "sha512-AYnb1nQyY49te+VRAVgmzfcgjYS91mY5P0TKUDCLEM+gNnA+3T6rWITXRLYCpahpqSQbN5cE+gHpnPyXjHWxcw=="],

    "@types/node": ["@types/node@22.13.1", "", { "dependencies": { "undici-types": "~6.20.0" } }, "sha512-jK8uzQlrvXqEU91UxiK5J7pKHyzgnI1Qnl0QDHIgVGuolJhRb9EEl28Cj9b3rGR8B2lhFCtvIm5os8lFnO/1Ew=="],

    "@types/ws": ["@types/ws@8.5.14", "", { "dependencies": { "@types/node": "*" } }, "sha512-bd/YFLW+URhBzMXurx7lWByOu+xzU9+kb3RboOteXYDfW+tr+JZa99OyNmPINEGB/ahzKrEuc8rcv4gnpJmxTw=="],

    "argparse": ["argparse@2.0.1", "", {}, "sha512-8+9WqebbFzpX9OR+Wa6O29asIogeRMzcGtAINdpMHHyAg10f05aSFVBbcEqGf/PXw1EjAZ+q2/bEBg3DvurK3Q=="],

    "bun-types": ["bun-types@1.2.2", "", { "dependencies": { "@types/node": "*", "@types/ws": "~8.5.10" } }, "sha512-RCbMH5elr9gjgDGDhkTTugA21XtJAy/9jkKe/G3WR2q17VPGhcquf9Sir6uay9iW+7P/BV0CAHA1XlHXMAVKHg=="],

    "dom-serializer": ["dom-serializer@1.4.1", "", { "dependencies": { "domelementtype": "^2.0.1", "domhandler": "^4.2.0", "entities": "^2.0.0" } }, "sha512-VHwB3KfrcOOkelEG2ZOfxqLZdfkil8PtJi4P8N2MMXucZq2yLp75ClViUlOVwyoHEDjYU433Aq+5zWP61+RGag=="],

    "domelementtype": ["domelementtype@2.3.0", "", {}, "sha512-OLETBj6w0OsagBwdXnPdN0cnMfF9opN69co+7ZrbfPGrdpPVNBUj02spi6B1N7wChLQiPn4CSH/zJvXw56gmHw=="],

    "domhandler": ["domhandler@4.3.1", "", { "dependencies": { "domelementtype": "^2.2.0" } }, "sha512-GrwoxYN+uWlzO8uhUXRl0P+kHE4GtVPfYzVLcUxPL7KNdHKj66vvlhiweIHqYYXWlw+T8iLMp42Lm67ghw4WMQ=="],

    "domutils": ["domutils@2.8.0", "", { "dependencies": { "dom-serializer": "^1.0.1", "domelementtype": "^2.2.0", "domhandler": "^4.2.0" } }, "sha512-w96Cjofp72M5IIhpjgobBimYEfoPjx1Vx0BSX9P30WBdZW2WIKU0T1Bd0kz2eNZ9ikjKgHbEyKx8BB6H1L3h3A=="],

    "entities": ["entities@2.1.0", "", {}, "sha512-hCx1oky9PFrJ611mf0ifBLBRW8lUUVRlFolb5gWRfIELabBlbp9xZvrqZLZAs+NxFnbfQoeGd8wDkygjg7U85w=="],

    "esbuild": ["esbuild@0.24.0", "", { "optionalDependencies": { "@esbuild/aix-ppc64": "0.24.0", "@esbuild/android-arm": "0.24.0", "@esbuild/android-arm64": "0.24.0", "@esbuild/android-x64": "0.24.0", "@esbuild/darwin-arm64": "0.24.0", "@esbuild/darwin-x64": "0.24.0", "@esbuild/freebsd-arm64": "0.24.0", "@esbuild/freebsd-x64": "0.24.0", "@esbuild/linux-arm": "0.24.0", "@esbuild/linux-arm64": "0.24.0", "@esbuild/linux-ia32": "0.24.0", "@esbuild/linux-loong64": "0.24.0", "@esbuild/linux-mips64el": "0.24.0", "@esbuild/linux-ppc64": "0.24.0", "@esbuild/linux-riscv64": "0.24.0", "@esbuild/linux-s390x": "0.24.0", "@esbuild/linux-x64": "0.24.0", "@esbuild/netbsd-x64": "0.24.0", "@esbuild/openbsd-arm64": "0.24.0", "@esbuild/openbsd-x64": "0.24.0", "@esbuild/sunos-x64": "0.24.0", "@esbuild/win32-arm64": "0.24.0", "@esbuild/win32-ia32": "0.24.0", "@esbuild/win32-x64": "0.24.0" }, "bin": { "esbuild": "bin/esbuild" } }, "sha512-FuLPevChGDshgSicjisSooU0cemp/sGXR841D5LHMB7mTVOmsEHcAxaH3irL53+8YDIeVNQEySh4DaYU/iuPqQ=="],

    "esprima": ["esprima@4.0.1", "", { "bin": { "esparse": "./bin/esparse.js", "esvalidate": "./bin/esvalidate.js" } }, "sha512-eGuFFw7Upda+g4p+QHvnW0RyTX/SVeJBDM/gCtMARO0cLuT2HcEKnTPvhjV6aGeqrCB/sbNop0Kszm0jsaWU4A=="],

    "front-matter": ["front-matter@4.0.2", "", { "dependencies": { "js-yaml": "^3.13.1" } }, "sha512-I8ZuJ/qG92NWX8i5x1Y8qyj3vizhXS31OxjKDu3LKP+7/qBgfIKValiZIEwoVoJKUHlhWtYrktkxV1XsX+pPlg=="],

    "fsevents": ["fsevents@2.3.3", "", { "os": "darwin" }, "sha512-5xoDfX+fL7faATnagmWPpbFtwh/R77WmMMqqHGS65C3vvB0YHrgF+B1YmZ3441tMj5n63k0212XNoJwzlhffQw=="],

    "htmlparser2": ["htmlparser2@6.1.0", "", { "dependencies": { "domelementtype": "^2.0.1", "domhandler": "^4.0.0", "domutils": "^2.5.2", "entities": "^2.0.0" } }, "sha512-gyyPk6rgonLFEDGoeRgQNaEUvdJ4ktTmmUh/h2t7s+M8oPpIPxgNACWa+6ESR57kXstwqPiCut0V8NRpcwgU7A=="],

    "js-yaml": ["js-yaml@3.14.1", "", { "dependencies": { "argparse": "^1.0.7", "esprima": "^4.0.0" }, "bin": { "js-yaml": "bin/js-yaml.js" } }, "sha512-okMH7OXXJ7YrN9Ok3/SXrnu4iX9yOk+25nqX4imS2npuvTYDmo/QEZoqwZkYaIDk3jVvBOTOIEgEhaLOynBS9g=="],

    "linkify-it": ["linkify-it@3.0.3", "", { "dependencies": { "uc.micro": "^1.0.1" } }, "sha512-ynTsyrFSdE5oZ/O9GEf00kPngmOfVwazR5GKDq6EYfhlpFug3J2zybX56a2PRRpc9P+FuSoGNAwjlbDs9jJBPQ=="],

    "markdown-it": ["markdown-it@12.3.2", "", { "dependencies": { "argparse": "^2.0.1", "entities": "~2.1.0", "linkify-it": "^3.0.1", "mdurl": "^1.0.1", "uc.micro": "^1.0.5" }, "bin": { "markdown-it": "bin/markdown-it.js" } }, "sha512-TchMembfxfNVpHkbtriWltGWc+m3xszaRD0CZup7GFFhzIgQqxIfn3eGj1yZpfuflzPvfkt611B2Q/Bsk1YnGg=="],

    "mdurl": ["mdurl@1.0.1", "", {}, "sha512-/sKlQJCBYVY9Ers9hqzKou4H6V5UWc/M59TH2dvkt+84itfnq7uFOMLpOiOS4ujvHP4etln18fmIxA5R5fll0g=="],

    "nanoid": ["nanoid@3.3.8", "", { "bin": { "nanoid": "bin/nanoid.cjs" } }, "sha512-WNLf5Sd8oZxOm+TzppcYk8gVOgP+l58xNy58D0nbUnOxOWRWvlcCV4kUF7ltmI6PsrLl/BgKEyS4mqsGChFN0w=="],

    "picocolors": ["picocolors@1.1.1", "", {}, "sha512-xceH2snhtb5M9liqDsmEw56le376mTZkEX/jEb/RxNFyegNul7eNslCXP9FDj/Lcu0X8KEyMceP2ntpaHrDEVA=="],

    "postcss": ["postcss@8.5.1", "", { "dependencies": { "nanoid": "^3.3.8", "picocolors": "^1.1.1", "source-map-js": "^1.2.1" } }, "sha512-6oz2beyjc5VMn/KV1pPw8fliQkhBXrVn1Z3TVyqZxU8kZpzEKhBdmCFqI6ZbmGtamQvQGuU1sgPTk8ZrXDD7jQ=="],

    "rollup": ["rollup@4.32.1", "", { "dependencies": { "@types/estree": "1.0.6" }, "optionalDependencies": { "@rollup/rollup-android-arm-eabi": "4.32.1", "@rollup/rollup-android-arm64": "4.32.1", "@rollup/rollup-darwin-arm64": "4.32.1", "@rollup/rollup-darwin-x64": "4.32.1", "@rollup/rollup-freebsd-arm64": "4.32.1", "@rollup/rollup-freebsd-x64": "4.32.1", "@rollup/rollup-linux-arm-gnueabihf": "4.32.1", "@rollup/rollup-linux-arm-musleabihf": "4.32.1", "@rollup/rollup-linux-arm64-gnu": "4.32.1", "@rollup/rollup-linux-arm64-musl": "4.32.1", "@rollup/rollup-linux-loongarch64-gnu": "4.32.1", "@rollup/rollup-linux-powerpc64le-gnu": "4.32.1", "@rollup/rollup-linux-riscv64-gnu": "4.32.1", "@rollup/rollup-linux-s390x-gnu": "4.32.1", "@rollup/rollup-linux-x64-gnu": "4.32.1", "@rollup/rollup-linux-x64-musl": "4.32.1", "@rollup/rollup-win32-arm64-msvc": "4.32.1", "@rollup/rollup-win32-ia32-msvc": "4.32.1", "@rollup/rollup-win32-x64-msvc": "4.32.1", "fsevents": "~2.3.2" }, "bin": { "rollup": "dist/bin/rollup" } }, "sha512-z+aeEsOeEa3mEbS1Tjl6sAZ8NE3+AalQz1RJGj81M+fizusbdDMoEJwdJNHfaB40Scr4qNu+welOfes7maKonA=="],

    "source-map-js": ["source-map-js@1.2.1", "", {}, "sha512-UXWMKhLOwVKb728IUtQPXxfYU+usdybtUrK/8uGE8CQMvrhOpwvzDBwj0QhSL7MQc7vIsISBG8VQ8+IDQxpfQA=="],

    "sprintf-js": ["sprintf-js@1.0.3", "", {}, "sha512-D9cPgkvLlV3t3IzL0D0YLvGA9Ahk4PcvVwUbN0dSGr1aP0Nrt4AEnTUbuGvquEC0mA64Gqt1fzirlRs5ibXx8g=="],

    "uc.micro": ["uc.micro@1.0.6", "", {}, "sha512-8Y75pvTYkLJW2hWQHXxoqRgV7qb9B+9vFEtidML+7koHUFapnVJAZ6cKs+Qjz5Aw3aZWHMC6u0wJE3At+nSGwA=="],

    "undici-types": ["undici-types@6.20.0", "", {}, "sha512-Ny6QZ2Nju20vw1SRHe3d9jVu6gJ+4e3+MMpqu7pqE5HT6WsTSlce++GQmK5UXS8mzV8DSYHrQH+Xrf2jVcuKNg=="],

    "vite": ["vite@6.0.5", "", { "dependencies": { "esbuild": "0.24.0", "postcss": "^8.4.49", "rollup": "^4.23.0" }, "optionalDependencies": { "fsevents": "~2.3.3" }, "peerDependencies": { "@types/node": "^18.0.0 || ^20.0.0 || >=22.0.0", "jiti": ">=1.21.0", "less": "*", "lightningcss": "^1.21.0", "sass": "*", "sass-embedded": "*", "stylus": "*", "sugarss": "*", "terser": "^5.16.0", "tsx": "^4.8.1", "yaml": "^2.4.2" }, "optionalPeers": ["@types/node", "jiti", "less", "lightningcss", "sass", "sass-embedded", "stylus", "sugarss", "terser", "tsx", "yaml"], "bin": { "vite": "bin/vite.js" } }, "sha512-akD5IAH/ID5imgue2DYhzsEwCi0/4VKY31uhMLEYJwPP4TiUp8pL5PIK+Wo7H8qT8JY9i+pVfPydcFPYD1EL7g=="],

    "vite-plugin-markdown": ["vite-plugin-markdown@2.2.0", "", { "dependencies": { "domhandler": "^4.0.0", "front-matter": "^4.0.0", "htmlparser2": "^6.0.0", "markdown-it": "^12.0.0" }, "peerDependencies": { "vite": ">= 2.0.0" } }, "sha512-eH2tXMZcx3EHb5okd+/0VIyoR8Gp9pGe24UXitOOcGkzObbJ1vl48aGOAbakoT88FBdzC8MXNkMfBIB9VK0Ndg=="],

    "js-yaml/argparse": ["argparse@1.0.10", "", { "dependencies": { "sprintf-js": "~1.0.2" } }, "sha512-o5Roy6tNG4SL/FOkCAN6RzjiakZS25RLYFrcMttJqbdd8BWrnA+fGz57iN5Pb06pvBGvl5gQ0B48dJlslXvoTg=="],
  }
}
